
Microsoft Visual Studio Solution File, Format Version 12.00
# Visual Studio Version 17
VisualStudioVersion = 17.6.33723.286
MinimumVisualStudioVersion = 10.0.40219.1
Project("{8BC9CEB8-8B4A-11D0-8D11-00A0C91BC942}") = "multipewarisan", "multipewarisan\multipewarisan.vcxproj", "{A03EA1AA-0FA4-4FB6-BCCD-B1B4445856FF}"
EndProject
Project("{8BC9CEB8-8B4A-11D0-8D11-00A0C91BC942}") = "problemmultiwaris", "problemmultiwaris\problemmultiwaris.vcxproj", "{9A718043-9D5F-4E4A-AFCF-4161DAB81EF0}"
EndProject
Project("{8BC9CEB8-8B4A-11D0-8D11-00A0C91BC942}") = "solvemultiwaris", "solvemultiwaris\solvemultiwaris.vcxproj", "{A9F53424-8382-4251-8EEF-B10D52747A32}"
EndProject
Global
	GlobalSection(SolutionConfigurationPlatforms) = preSolution
		Debug|x64 = Debug|x64
		Debug|x86 = Debug|x86
		Release|x64 = Release|x64
		Release|x86 = Release|x86
	EndGlobalSection
	GlobalSection(ProjectConfigurationPlatforms) = postSolution
		{A03EA1AA-0FA4-4FB6-BCCD-B1B4445856FF}.Debug|x64.ActiveCfg = Debug|x64
		{A03EA1AA-0FA4-4FB6-BCCD-B1B4445856FF}.Debug|x64.Build.0 = Debug|x64
		{A03EA1AA-0FA4-4FB6-BCCD-B1B4445856FF}.Debug|x86.ActiveCfg = Debug|Win32
		{A03EA1AA-0FA4-4FB6-BCCD-B1B4445856FF}.Debug|x86.Build.0 = Debug|Win32
		{A03EA1AA-0FA4-4FB6-BCCD-B1B4445856FF}.Release|x64.ActiveCfg = Release|x64
		{A03EA1AA-0FA4-4FB6-BCCD-B1B4445856FF}.Release|x64.Build.0 = Release|x64
		{A03EA1AA-0FA4-4FB6-BCCD-B1B4445856FF}.Release|x86.ActiveCfg = Release|Win32
		{A03EA1AA-0FA4-4FB6-BCCD-B1B4445856FF}.Release|x86.Build.0 = Release|Win32
		{9A718043-9D5F-4E4A-AFCF-4161DAB81EF0}.Debug|x64.ActiveCfg = Debug|x64
		{9A718043-9D5F-4E4A-AFCF-4161DAB81EF0}.Debug|x64.Build.0 = Debug|x64
		{9A718043-9D5F-4E4A-AFCF-4161DAB81EF0}.Debug|x86.ActiveCfg = Debug|Win32
		{9A718043-9D5F-4E4A-AFCF-4161DAB81EF0}.Debug|x86.Build.0 = Debug|Win32
		{9A718043-9D5F-4E4A-AFCF-4161DAB81EF0}.Release|x64.ActiveCfg = Release|x64
		{9A718043-9D5F-4E4A-AFCF-4161DAB81EF0}.Release|x64.Build.0 = Release|x64
		{9A718043-9D5F-4E4A-AFCF-4161DAB81EF0}.Release|x86.ActiveCfg = Release|Win32
		{9A718043-9D5F-4E4A-AFCF-4161DAB81EF0}.Release|x86.Build.0 = Release|Win32
		{A9F53424-8382-4251-8EEF-B10D52747A32}.Debug|x64.ActiveCfg = Debug|x64
		{A9F53424-8382-4251-8EEF-B10D52747A32}.Debug|x64.Build.0 = Debug|x64
		{A9F53424-8382-4251-8EEF-B10D52747A32}.Debug|x86.ActiveCfg = Debug|Win32
		{A9F53424-8382-4251-8EEF-B10D52747A32}.Debug|x86.Build.0 = Debug|Win32
		{A9F53424-8382-4251-8EEF-B10D52747A32}.Release|x64.ActiveCfg = Release|x64
		{A9F53424-8382-4251-8EEF-B10D52747A32}.Release|x64.Build.0 = Release|x64
		{A9F53424-8382-4251-8EEF-B10D52747A32}.Release|x86.ActiveCfg = Release|Win32
		{A9F53424-8382-4251-8EEF-B10D52747A32}.Release|x86.Build.0 = Release|Win32
	EndGlobalSection
	GlobalSection(SolutionProperties) = preSolution
		HideSolutionNode = FALSE
	EndGlobalSection
	GlobalSection(ExtensibilityGlobals) = postSolution
		SolutionGuid = {AE3FEF57-9CD7-40C7-8198-A0DE5F74AD40}
	EndGlobalSection
EndGlobal
